{
  "name": "tethergame",
  "version": "1.0.0",
  "lockfileVersion": 3,
  "requires": true,
  "packages": {
    "": {
      "name": "tethergame",
      "version": "1.0.0",
      "license": "ISC",
      "dependencies": {
        "bga-ts-template": "^2.0.6",
        "typescript": "^5.8.2"
      }
    },
    "node_modules/bga-ts-template": {
      "version": "2.0.6",
      "resolved": "https://registry.npmjs.org/bga-ts-template/-/bga-ts-template-2.0.6.tgz",
      "integrity": "sha512-kfwNIEUgcCg4+oo+Y6NcQf7Vxpn1N0VFzP18ZfhP3UxWpdMD80SEpdbvFLNM1Tnx18sT6M+wYzkM1Q7IUHsYMw==",
      "license": "ISC",
      "bin": {
        "bga-build": "bin/bga-build.js",
        "bga-init": "bin/bga-init.js"
      }
    },
    "node_modules/typescript": {
      "version": "5.8.2",
      "resolved": "https://registry.npmjs.org/typescript/-/typescript-5.8.2.tgz",
      "integrity": "sha512-aJn6wq13/afZp/jT9QZmwEjDqqvSGp1VT5GVg+f/t6/oVyrgXM6BY1h9BRh/O5p3PlUPAe+WuiEZOmb/49RqoQ==",
      "license": "Apache-2.0",
      "bin": {
        "tsc": "bin/tsc",
        "tsserver": "bin/tsserver"
      },
      "engines": {
        "node": ">=14.17"
      }
    }
  }
}
